
Microsoft Visual Studio Solution File, Format Version 12.00
# Visual Studio Version 17
VisualStudioVersion = 17.0.31903.59
MinimumVisualStudioVersion = 10.0.40219.1
Project("{FAE04EC0-301F-11D3-BF4B-00C04F79EFBC}") = "App", "App\App.csproj", "{89FF129B-5A8B-4AD1-B09C-D90FD62F4CA5}"
EndProject
Project("{2150E333-8FDC-42A3-9474-1A3956D46DE8}") = "Backend", "Backend", "{C8323ADA-4245-43F3-9564-370BB8C846BA}"
EndProject
Project("{FAE04EC0-301F-11D3-BF4B-00C04F79EFBC}") = "Api", "Backend\Api\Api.csproj", "{38D2CD0E-D4F4-4C49-9F3D-31D8AE3225A1}"
EndProject
Global
	GlobalSection(SolutionConfigurationPlatforms) = preSolution
		Debug|Any CPU = Debug|Any CPU
		Release|Any CPU = Release|Any CPU
	EndGlobalSection
	GlobalSection(SolutionProperties) = preSolution
		HideSolutionNode = FALSE
	EndGlobalSection
	GlobalSection(ProjectConfigurationPlatforms) = postSolution
		{89FF129B-5A8B-4AD1-B09C-D90FD62F4CA5}.Debug|Any CPU.ActiveCfg = Debug|Any CPU
		{89FF129B-5A8B-4AD1-B09C-D90FD62F4CA5}.Debug|Any CPU.Build.0 = Debug|Any CPU
		{89FF129B-5A8B-4AD1-B09C-D90FD62F4CA5}.Release|Any CPU.ActiveCfg = Release|Any CPU
		{89FF129B-5A8B-4AD1-B09C-D90FD62F4CA5}.Release|Any CPU.Build.0 = Release|Any CPU
		{38D2CD0E-D4F4-4C49-9F3D-31D8AE3225A1}.Debug|Any CPU.ActiveCfg = Debug|Any CPU
		{38D2CD0E-D4F4-4C49-9F3D-31D8AE3225A1}.Debug|Any CPU.Build.0 = Debug|Any CPU
		{38D2CD0E-D4F4-4C49-9F3D-31D8AE3225A1}.Release|Any CPU.ActiveCfg = Release|Any CPU
		{38D2CD0E-D4F4-4C49-9F3D-31D8AE3225A1}.Release|Any CPU.Build.0 = Release|Any CPU
	EndGlobalSection
	GlobalSection(NestedProjects) = preSolution
		{38D2CD0E-D4F4-4C49-9F3D-31D8AE3225A1} = {C8323ADA-4245-43F3-9564-370BB8C846BA}
	EndGlobalSection
EndGlobal
